# This file is autogenerated, do not edit; changes may be undone by the next 'dep ensure'.


[[projects]]
  branch = "master"
  digest = "1:e05c7b72aeba7570b1d2f9c6dc9f0373d224b16b70fa886c504de867bffe1c2e"
  name = "github.com/aead/chacha20"
  packages = [
    ".",
    "chacha",
  ]
  pruneopts = "UT"
  revision = "8b13a72661dae6e9e5dea04f344f0dc95ea29547"

[[projects]]
  branch = "master"
  digest = "1:34f949e208ba957401cc20bc0e319062f958892ca3d7269701019d1b205e9502"
  name = "golang.org/x/crypto"
  packages = [
    "blowfish",
    "cast5",
    "salsa20/salsa",
  ]
  pruneopts = "UT"
  revision = "ff983b9c42bc9fbf91556e191cc8efb585c16908"

[[projects]]
  branch = "master"
  digest = "1:c19ae27d30b61c60cd23366dd6fd0ae953026ac5e71976ff4870af6b6f58b832"
  name = "golang.org/x/sys"
  packages = ["cpu"]
  pruneopts = "UT"
  revision = "82a175fd1598e8a172e58ebdf5ed262bb29129e5"

[solve-meta]
  analyzer-name = "dep"
  analyzer-version = 1
  input-imports = [
    "github.com/aead/chacha20",
    "golang.org/x/crypto/blowfish",
    "golang.org/x/crypto/cast5",
    "golang.org/x/crypto/salsa20/salsa",
  ]
  solver-name = "gps-cdcl"
  solver-version = 1
